
Microsoft Visual Studio Solution File, Format Version 12.00
# Visual Studio Version 16
VisualStudioVersion = 16.0.31019.35
MinimumVisualStudioVersion = 10.0.40219.1
Project("{FAE04EC0-301F-11D3-BF4B-00C04F79EFBC}") = "DnD - Campaign Dashboard v.1", "DnD - Campaign Dashboard v.1\DnD - Campaign Dashboard v.1.csproj", "{04F6A575-C064-4C43-BD59-CD5E1195B4D7}"
EndProject
Project("{FAE04EC0-301F-11D3-BF4B-00C04F79EFBC}") = "ApiLibrary", "ApiLibrary\ApiLibrary.csproj", "{8F8506C2-3470-4D19-860B-76CB8D89B2D6}"
EndProject
Global
	GlobalSection(SolutionConfigurationPlatforms) = preSolution
		Debug|Any CPU = Debug|Any CPU
		Release|Any CPU = Release|Any CPU
	EndGlobalSection
	GlobalSection(ProjectConfigurationPlatforms) = postSolution
		{04F6A575-C064-4C43-BD59-CD5E1195B4D7}.Debug|Any CPU.ActiveCfg = Debug|Any CPU
		{04F6A575-C064-4C43-BD59-CD5E1195B4D7}.Debug|Any CPU.Build.0 = Debug|Any CPU
		{04F6A575-C064-4C43-BD59-CD5E1195B4D7}.Release|Any CPU.ActiveCfg = Release|Any CPU
		{04F6A575-C064-4C43-BD59-CD5E1195B4D7}.Release|Any CPU.Build.0 = Release|Any CPU
		{8F8506C2-3470-4D19-860B-76CB8D89B2D6}.Debug|Any CPU.ActiveCfg = Debug|Any CPU
		{8F8506C2-3470-4D19-860B-76CB8D89B2D6}.Debug|Any CPU.Build.0 = Debug|Any CPU
		{8F8506C2-3470-4D19-860B-76CB8D89B2D6}.Release|Any CPU.ActiveCfg = Release|Any CPU
		{8F8506C2-3470-4D19-860B-76CB8D89B2D6}.Release|Any CPU.Build.0 = Release|Any CPU
	EndGlobalSection
	GlobalSection(SolutionProperties) = preSolution
		HideSolutionNode = FALSE
	EndGlobalSection
	GlobalSection(ExtensibilityGlobals) = postSolution
		SolutionGuid = {87D3BEFF-B0A0-4349-BA20-D6D6668A782C}
	EndGlobalSection
EndGlobal
